hash: dd077d1c95be35833304a8e36885752bb9b518cb34b2e1ac69f77b7e4bc4e0db
updated: 2016-12-18T14:39:03.086318092+08:00
imports:
- name: github.com/go-playground/locales
  version: 273913d3b2ff7127452603d55dd3f6f888e4f268
  subpackages:
  - currency
- name: github.com/go-playground/universal-translator
  version: 8bf00f2bdf7faea5c3583d41f57bf1eb15b743d7
- name: github.com/go-playground/validator
  version: 49fccadad19338f93f46a5abdafc44cd731cf7a7
- name: github.com/labstack/echo
  version: dc92c26084ec02a6b6c186e37606081c82169a41
  repo: https://github.com/labstack/echo.git
  vcs: git
- name: github.com/labstack/gommon
  version: 447fe7433567c785af957e549aadae2bf2000071
  subpackages:
  - color
  - log
- name: github.com/lib/pq
  version: 4a82388ebc5138c8289fe9bc602cb0b3e32cd617
  subpackages:
  - oid
- name: github.com/mattes/migrate
  version: bbc885c280e9063210bbf1d0482db87e5045725c
- name: github.com/mattn/go-colorable
  version: d228849504861217f796da67fae4f6e347643f15
- name: github.com/mattn/go-isatty
  version: 30a891c33c7cde7b02a981314b4228ec99380cca
- name: github.com/mgutz/dat
  version: c2a5759ae4b0303a8bf640d01a85ae3acc02455d
- name: github.com/tylerb/graceful
  version: 4df1190835320af7076dfcf27b3d071fd3612caf
- name: github.com/valyala/fasttemplate
  version: 3b874956e03f1636d171bda64b130f9135f42cff
- name: golang.org/x/crypto
  version: 9b1a210a06ea1176ec1f0a1ddf83ad7463b8ea3e
  subpackages:
  - acme
  - acme/autocert
- name: golang.org/x/net
  version: 45e771701b814666a7eb299e6c7a57d0b1799e91
  subpackages:
  - context
  - context/ctxhttp
- name: golang.org/x/sys
  version: d75a52659825e75fff6158388dddc6a5b04f9ba5
  subpackages:
  - unix
testImports: []
